
Microsoft Visual Studio Solution File, Format Version 12.00
# Visual Studio Version 17
VisualStudioVersion = 17.8.34330.188
MinimumVisualStudioVersion = 10.0.40219.1
Project("{8BC9CEB8-8B4A-11D0-8D11-00A0C91BC942}") = "Chp_19_Track the highest temperature of the day", "Chp_19_Track the highest temperature of the day\Chp_19_Track the highest temperature of the day.vcxproj", "{BD790CF0-B519-4673-90D5-E29A3F37E917}"
EndProject
Global
	GlobalSection(SolutionConfigurationPlatforms) = preSolution
		Debug|x64 = Debug|x64
		Debug|x86 = Debug|x86
		Release|x64 = Release|x64
		Release|x86 = Release|x86
	EndGlobalSection
	GlobalSection(ProjectConfigurationPlatforms) = postSolution
		{BD790CF0-B519-4673-90D5-E29A3F37E917}.Debug|x64.ActiveCfg = Debug|x64
		{BD790CF0-B519-4673-90D5-E29A3F37E917}.Debug|x64.Build.0 = Debug|x64
		{BD790CF0-B519-4673-90D5-E29A3F37E917}.Debug|x86.ActiveCfg = Debug|Win32
		{BD790CF0-B519-4673-90D5-E29A3F37E917}.Debug|x86.Build.0 = Debug|Win32
		{BD790CF0-B519-4673-90D5-E29A3F37E917}.Release|x64.ActiveCfg = Release|x64
		{BD790CF0-B519-4673-90D5-E29A3F37E917}.Release|x64.Build.0 = Release|x64
		{BD790CF0-B519-4673-90D5-E29A3F37E917}.Release|x86.ActiveCfg = Release|Win32
		{BD790CF0-B519-4673-90D5-E29A3F37E917}.Release|x86.Build.0 = Release|Win32
	EndGlobalSection
	GlobalSection(SolutionProperties) = preSolution
		HideSolutionNode = FALSE
	EndGlobalSection
	GlobalSection(ExtensibilityGlobals) = postSolution
		SolutionGuid = {CA66AEBD-ACF0-45D5-8733-AD20E9EEA7BE}
	EndGlobalSection
EndGlobal
