
Microsoft Visual Studio Solution File, Format Version 12.00
# Visual Studio Version 17
VisualStudioVersion = 17.8.34330.188
MinimumVisualStudioVersion = 10.0.40219.1
Project("{8BC9CEB8-8B4A-11D0-8D11-00A0C91BC942}") = "Even Numbers Up To 20", "Even Numbers Up To 20\Even Numbers Up To 20.vcxproj", "{E26F9239-4CB6-452A-8704-6EC46D44F0FB}"
EndProject
Global
	GlobalSection(SolutionConfigurationPlatforms) = preSolution
		Debug|x64 = Debug|x64
		Debug|x86 = Debug|x86
		Release|x64 = Release|x64
		Release|x86 = Release|x86
	EndGlobalSection
	GlobalSection(ProjectConfigurationPlatforms) = postSolution
		{E26F9239-4CB6-452A-8704-6EC46D44F0FB}.Debug|x64.ActiveCfg = Debug|x64
		{E26F9239-4CB6-452A-8704-6EC46D44F0FB}.Debug|x64.Build.0 = Debug|x64
		{E26F9239-4CB6-452A-8704-6EC46D44F0FB}.Debug|x86.ActiveCfg = Debug|Win32
		{E26F9239-4CB6-452A-8704-6EC46D44F0FB}.Debug|x86.Build.0 = Debug|Win32
		{E26F9239-4CB6-452A-8704-6EC46D44F0FB}.Release|x64.ActiveCfg = Release|x64
		{E26F9239-4CB6-452A-8704-6EC46D44F0FB}.Release|x64.Build.0 = Release|x64
		{E26F9239-4CB6-452A-8704-6EC46D44F0FB}.Release|x86.ActiveCfg = Release|Win32
		{E26F9239-4CB6-452A-8704-6EC46D44F0FB}.Release|x86.Build.0 = Release|Win32
	EndGlobalSection
	GlobalSection(SolutionProperties) = preSolution
		HideSolutionNode = FALSE
	EndGlobalSection
	GlobalSection(ExtensibilityGlobals) = postSolution
		SolutionGuid = {EE7B1654-D6BC-4515-AD84-8F6DA288DC1D}
	EndGlobalSection
EndGlobal
