
Microsoft Visual Studio Solution File, Format Version 12.00
# Visual Studio Version 17
VisualStudioVersion = 17.8.34330.188
MinimumVisualStudioVersion = 10.0.40219.1
Project("{8BC9CEB8-8B4A-11D0-8D11-00A0C91BC942}") = "Learning Pointers", "Learning Pointers\Learning Pointers.vcxproj", "{996961FF-850A-4E2D-B8D1-597EEF4F61FD}"
EndProject
Global
	GlobalSection(SolutionConfigurationPlatforms) = preSolution
		Debug|x64 = Debug|x64
		Debug|x86 = Debug|x86
		Release|x64 = Release|x64
		Release|x86 = Release|x86
	EndGlobalSection
	GlobalSection(ProjectConfigurationPlatforms) = postSolution
		{996961FF-850A-4E2D-B8D1-597EEF4F61FD}.Debug|x64.ActiveCfg = Debug|x64
		{996961FF-850A-4E2D-B8D1-597EEF4F61FD}.Debug|x64.Build.0 = Debug|x64
		{996961FF-850A-4E2D-B8D1-597EEF4F61FD}.Debug|x86.ActiveCfg = Debug|Win32
		{996961FF-850A-4E2D-B8D1-597EEF4F61FD}.Debug|x86.Build.0 = Debug|Win32
		{996961FF-850A-4E2D-B8D1-597EEF4F61FD}.Release|x64.ActiveCfg = Release|x64
		{996961FF-850A-4E2D-B8D1-597EEF4F61FD}.Release|x64.Build.0 = Release|x64
		{996961FF-850A-4E2D-B8D1-597EEF4F61FD}.Release|x86.ActiveCfg = Release|Win32
		{996961FF-850A-4E2D-B8D1-597EEF4F61FD}.Release|x86.Build.0 = Release|Win32
	EndGlobalSection
	GlobalSection(SolutionProperties) = preSolution
		HideSolutionNode = FALSE
	EndGlobalSection
	GlobalSection(ExtensibilityGlobals) = postSolution
		SolutionGuid = {986FE486-4E63-47F3-9B78-97D1D5BF286D}
	EndGlobalSection
EndGlobal
