
Microsoft Visual Studio Solution File, Format Version 12.00
# Visual Studio Version 17
VisualStudioVersion = 17.8.34330.188
MinimumVisualStudioVersion = 10.0.40219.1
Project("{8BC9CEB8-8B4A-11D0-8D11-00A0C91BC942}") = "Resturant", "Resturant\Resturant.vcxproj", "{2CD1064E-393C-4D42-822B-16FE3057332B}"
EndProject
Global
	GlobalSection(SolutionConfigurationPlatforms) = preSolution
		Debug|x64 = Debug|x64
		Debug|x86 = Debug|x86
		Release|x64 = Release|x64
		Release|x86 = Release|x86
	EndGlobalSection
	GlobalSection(ProjectConfigurationPlatforms) = postSolution
		{2CD1064E-393C-4D42-822B-16FE3057332B}.Debug|x64.ActiveCfg = Debug|x64
		{2CD1064E-393C-4D42-822B-16FE3057332B}.Debug|x64.Build.0 = Debug|x64
		{2CD1064E-393C-4D42-822B-16FE3057332B}.Debug|x86.ActiveCfg = Debug|Win32
		{2CD1064E-393C-4D42-822B-16FE3057332B}.Debug|x86.Build.0 = Debug|Win32
		{2CD1064E-393C-4D42-822B-16FE3057332B}.Release|x64.ActiveCfg = Release|x64
		{2CD1064E-393C-4D42-822B-16FE3057332B}.Release|x64.Build.0 = Release|x64
		{2CD1064E-393C-4D42-822B-16FE3057332B}.Release|x86.ActiveCfg = Release|Win32
		{2CD1064E-393C-4D42-822B-16FE3057332B}.Release|x86.Build.0 = Release|Win32
	EndGlobalSection
	GlobalSection(SolutionProperties) = preSolution
		HideSolutionNode = FALSE
	EndGlobalSection
	GlobalSection(ExtensibilityGlobals) = postSolution
		SolutionGuid = {58C34DC6-3784-4929-9F5B-E5A7C6FB4C1B}
	EndGlobalSection
EndGlobal
