
Microsoft Visual Studio Solution File, Format Version 12.00
# Visual Studio Version 17
VisualStudioVersion = 17.8.34330.188
MinimumVisualStudioVersion = 10.0.40219.1
Project("{8BC9CEB8-8B4A-11D0-8D11-00A0C91BC942}") = "Smart Transit Card", "Smart Transit Card\Smart Transit Card.vcxproj", "{211A3368-74F0-43E5-A9E2-5A18D7ABB966}"
EndProject
Global
	GlobalSection(SolutionConfigurationPlatforms) = preSolution
		Debug|x64 = Debug|x64
		Debug|x86 = Debug|x86
		Release|x64 = Release|x64
		Release|x86 = Release|x86
	EndGlobalSection
	GlobalSection(ProjectConfigurationPlatforms) = postSolution
		{211A3368-74F0-43E5-A9E2-5A18D7ABB966}.Debug|x64.ActiveCfg = Debug|x64
		{211A3368-74F0-43E5-A9E2-5A18D7ABB966}.Debug|x64.Build.0 = Debug|x64
		{211A3368-74F0-43E5-A9E2-5A18D7ABB966}.Debug|x86.ActiveCfg = Debug|Win32
		{211A3368-74F0-43E5-A9E2-5A18D7ABB966}.Debug|x86.Build.0 = Debug|Win32
		{211A3368-74F0-43E5-A9E2-5A18D7ABB966}.Release|x64.ActiveCfg = Release|x64
		{211A3368-74F0-43E5-A9E2-5A18D7ABB966}.Release|x64.Build.0 = Release|x64
		{211A3368-74F0-43E5-A9E2-5A18D7ABB966}.Release|x86.ActiveCfg = Release|Win32
		{211A3368-74F0-43E5-A9E2-5A18D7ABB966}.Release|x86.Build.0 = Release|Win32
	EndGlobalSection
	GlobalSection(SolutionProperties) = preSolution
		HideSolutionNode = FALSE
	EndGlobalSection
	GlobalSection(ExtensibilityGlobals) = postSolution
		SolutionGuid = {E7495D41-076F-464F-A152-B2DC4B00B464}
	EndGlobalSection
EndGlobal
